
Microsoft Visual Studio Solution File, Format Version 12.00
# Visual Studio Version 17
VisualStudioVersion = 17.5.33530.505
MinimumVisualStudioVersion = 10.0.40219.1
Project("{9A19103F-16F7-4668-BE54-9A1E7A4F7556}") = "CSharpControllerAPI", "CSharpControllerAPI\CSharpControllerAPI.csproj", "{9B4FA03F-3098-4E4B-817A-23B03DD714DC}"
EndProject
Project("{9A19103F-16F7-4668-BE54-9A1E7A4F7556}") = "CSharpBlazorApp", "CSharpBlazorApp\CSharpBlazorApp.csproj", "{C8B87CFC-D193-4470-A5D3-68F95F5A3632}"
EndProject
Global
	GlobalSection(SolutionConfigurationPlatforms) = preSolution
		Debug|Any CPU = Debug|Any CPU
		Release|Any CPU = Release|Any CPU
	EndGlobalSection
	GlobalSection(ProjectConfigurationPlatforms) = postSolution
		{9B4FA03F-3098-4E4B-817A-23B03DD714DC}.Debug|Any CPU.ActiveCfg = Debug|Any CPU
		{9B4FA03F-3098-4E4B-817A-23B03DD714DC}.Debug|Any CPU.Build.0 = Debug|Any CPU
		{9B4FA03F-3098-4E4B-817A-23B03DD714DC}.Release|Any CPU.ActiveCfg = Release|Any CPU
		{9B4FA03F-3098-4E4B-817A-23B03DD714DC}.Release|Any CPU.Build.0 = Release|Any CPU
		{C8B87CFC-D193-4470-A5D3-68F95F5A3632}.Debug|Any CPU.ActiveCfg = Debug|Any CPU
		{C8B87CFC-D193-4470-A5D3-68F95F5A3632}.Debug|Any CPU.Build.0 = Debug|Any CPU
		{C8B87CFC-D193-4470-A5D3-68F95F5A3632}.Release|Any CPU.ActiveCfg = Release|Any CPU
		{C8B87CFC-D193-4470-A5D3-68F95F5A3632}.Release|Any CPU.Build.0 = Release|Any CPU
	EndGlobalSection
	GlobalSection(SolutionProperties) = preSolution
		HideSolutionNode = FALSE
	EndGlobalSection
	GlobalSection(ExtensibilityGlobals) = postSolution
		SolutionGuid = {AFB76502-ED6A-4AA8-8674-596EB7347375}
	EndGlobalSection
EndGlobal
